
Microsoft Visual Studio Solution File, Format Version 12.00
# Visual Studio Version 17
VisualStudioVersion = 17.6.33815.320
MinimumVisualStudioVersion = 10.0.40219.1
Project("{FAE04EC0-301F-11D3-BF4B-00C04F79EFBC}") = "ApiCarros", "ApiCarros\ApiCarros.csproj", "{9222969E-0AD0-4C7C-A169-F55B45B231FE}"
EndProject
Global
	GlobalSection(SolutionConfigurationPlatforms) = preSolution
		Debug|Any CPU = Debug|Any CPU
		Release|Any CPU = Release|Any CPU
	EndGlobalSection
	GlobalSection(ProjectConfigurationPlatforms) = postSolution
		{9222969E-0AD0-4C7C-A169-F55B45B231FE}.Debug|Any CPU.ActiveCfg = Debug|Any CPU
		{9222969E-0AD0-4C7C-A169-F55B45B231FE}.Debug|Any CPU.Build.0 = Debug|Any CPU
		{9222969E-0AD0-4C7C-A169-F55B45B231FE}.Release|Any CPU.ActiveCfg = Release|Any CPU
		{9222969E-0AD0-4C7C-A169-F55B45B231FE}.Release|Any CPU.Build.0 = Release|Any CPU
	EndGlobalSection
	GlobalSection(SolutionProperties) = preSolution
		HideSolutionNode = FALSE
	EndGlobalSection
	GlobalSection(ExtensibilityGlobals) = postSolution
		SolutionGuid = {CC504183-6EF3-4ECA-81F4-7A3088341134}
	EndGlobalSection
EndGlobal
